# This file was autogenerated by Stack.
# You should not edit this file by hand.
# For more information, please see the documentation at:
#   https://docs.haskellstack.org/en/stable/lock_files

packages:
- completed:
    hackage: beam-sqlite-0.3.2.2@sha256:2fa3983eaf5bfc32f9d066419ffa294e001fb80c7e4e607eaafa833d768c32e2,2693
    pantry-tree:
      sha256: 12e20d4840798837d6d2e7886f522a168a95074e325c338739a2579c62de2fb0
      size: 539
  original:
    hackage: beam-sqlite-0.3.2.2
snapshots:
- completed:
    sha256: fbce9f11b2f1c637855eb29fe952f3ac16c35d46836df0dee0cc54a85e1e33d6
    size: 502349
    url: https://raw.githubusercontent.com/commercialhaskell/stackage-snapshots/master/lts/12/6.yaml
  original: lts-12.6
